
Microsoft Visual Studio Solution File, Format Version 12.00
# Visual Studio Version 17
VisualStudioVersion = 17.11.35327.3
MinimumVisualStudioVersion = 10.0.40219.1
Project("{9A19103F-16F7-4668-BE54-9A1E7A4F7556}") = "BookstoreProjectData", "BookstoreProjectData\BookstoreProjectData.csproj", "{24AC55A1-B6E3-4F69-AB7C-D010AF125DD6}"
EndProject
Project("{FAE04EC0-301F-11D3-BF4B-00C04F79EFBC}") = "BookstoreWebApp", "BookstoreWebApp\BookstoreWebApp.csproj", "{68233EDC-E855-475E-89A6-3B9CC3133ABF}"
EndProject
Global
	GlobalSection(SolutionConfigurationPlatforms) = preSolution
		Debug|Any CPU = Debug|Any CPU
		Release|Any CPU = Release|Any CPU
	EndGlobalSection
	GlobalSection(ProjectConfigurationPlatforms) = postSolution
		{24AC55A1-B6E3-4F69-AB7C-D010AF125DD6}.Debug|Any CPU.ActiveCfg = Debug|Any CPU
		{24AC55A1-B6E3-4F69-AB7C-D010AF125DD6}.Debug|Any CPU.Build.0 = Debug|Any CPU
		{24AC55A1-B6E3-4F69-AB7C-D010AF125DD6}.Release|Any CPU.ActiveCfg = Release|Any CPU
		{24AC55A1-B6E3-4F69-AB7C-D010AF125DD6}.Release|Any CPU.Build.0 = Release|Any CPU
		{68233EDC-E855-475E-89A6-3B9CC3133ABF}.Debug|Any CPU.ActiveCfg = Debug|Any CPU
		{68233EDC-E855-475E-89A6-3B9CC3133ABF}.Debug|Any CPU.Build.0 = Debug|Any CPU
		{68233EDC-E855-475E-89A6-3B9CC3133ABF}.Release|Any CPU.ActiveCfg = Release|Any CPU
		{68233EDC-E855-475E-89A6-3B9CC3133ABF}.Release|Any CPU.Build.0 = Release|Any CPU
	EndGlobalSection
	GlobalSection(SolutionProperties) = preSolution
		HideSolutionNode = FALSE
	EndGlobalSection
	GlobalSection(ExtensibilityGlobals) = postSolution
		SolutionGuid = {CE627B55-6412-4FD1-A44F-FF5BC8AA4901}
	EndGlobalSection
EndGlobal
